<Solution>
  <Folder Name="/src/">
    <Project Path="src/MS.Microservice.Persistence.EFCore/MS.Microservice.Persistence.EFCore.csproj" />
    <Project Path="src/MS.Microservice.Persistence.SqlSugar/MS.Microservice.Persistence.SqlSugar.csproj" />
  </Folder>
  <Folder Name="/test/">
    <Project Path="test/MS.Microservice.Persistence.EFCore.Tests/MS.Microservice.Persistence.EFCore.Tests.csproj" />
    <Project Path="test/MS.Microservice.Persistence.SqlSugar.Tests/MS.Microservice.Persistence.SqlSugar.Tests.csproj" />
  </Folder>
  <Folder Name="/Dependencies/">
    <Project Path="../src/MS.Microservice.Core/MS.Microservice.Core.csproj" />
    <Project Path="../src/MS.Microservice.Domain.Primitives/MS.Microservice.Domain.Primitives.csproj" />
  </Folder>
</Solution>
