<Solution>
  <Folder Name="/build/">
    <File Path="Directory.Build.props" />
    <File Path="Directory.Packages.props" />
  </Folder>
  <Folder Name="/MS.Microservice.AI/" />
  <Folder Name="/MS.Microservice.AI/src/">
    <Project Path="MS.Microservice.AI/src/MS.Microservice.AI.Abstractions/MS.Microservice.AI.Abstractions.csproj" />
    <Project Path="MS.Microservice.AI/src/MS.Microservice.AI.Core/MS.Microservice.AI.Core.csproj" />
    <Project Path="MS.Microservice.AI/src/MS.Microservice.AI.DeepSeek/MS.Microservice.AI.DeepSeek.csproj" />
    <Project Path="MS.Microservice.AI/src/MS.Microservice.AI.OpenAI/MS.Microservice.AI.OpenAI.csproj" />
    <Project Path="MS.Microservice.AI/src/MS.Microservice.AI.QuestionGeneration/MS.Microservice.AI.QuestionGeneration.csproj" />
    <Project Path="MS.Microservice.AI/src/MS.Microservice.AI.Qwen/MS.Microservice.AI.Qwen.csproj" />
  </Folder>
  <Folder Name="/MS.Microservice.AI/test/">
    <Project Path="MS.Microservice.AI/test/MS.Microservice.AI.Core.Tests/MS.Microservice.AI.Core.Tests.csproj" />
    <Project Path="MS.Microservice.AI/test/MS.Microservice.AI.DeepSeek.Tests/MS.Microservice.AI.DeepSeek.Tests.csproj" />
    <Project Path="MS.Microservice.AI/test/MS.Microservice.AI.OpenAI.Tests/MS.Microservice.AI.OpenAI.Tests.csproj" />
    <Project Path="MS.Microservice.AI/test/MS.Microservice.AI.QuestionGeneration.Tests/MS.Microservice.AI.QuestionGeneration.Tests.csproj" />
    <Project Path="MS.Microservice.AI/test/MS.Microservice.AI.Qwen.Tests/MS.Microservice.AI.Qwen.Tests.csproj" />
  </Folder>
  <Folder Name="/MS.Microservice.EventBus/" />
  <Folder Name="/MS.Microservice.EventBus/src/">
    <Project Path="MS.Microservice.EventBus/MS.Microservice.EventBus.csproj" />
  </Folder>
  <Folder Name="/MS.Microservice.EventBus/test/">
    <Project Path="test/MS.Microservice.EventBus.Tests/MS.Microservice.EventBus.Tests.csproj" />
  </Folder>
  <Folder Name="/MS.Microservice.Logging/" />
  <Folder Name="/MS.Microservice.Logging/src/">
    <Project Path="MS.Microservice.Logging/src/MS.Microservice.Logging.AspNetCore/MS.Microservice.Logging.AspNetCore.csproj" />
    <Project Path="MS.Microservice.Logging/src/MS.Microservice.Logging.Core/MS.Microservice.Logging.Core.csproj" />
    <Project Path="MS.Microservice.Logging/src/MS.Microservice.Logging.NLog/MS.Microservice.Logging.NLog.csproj" />
    <Project Path="MS.Microservice.Logging/src/MS.Microservice.Logging.Serilog/MS.Microservice.Logging.Serilog.csproj" />
  </Folder>
  <Folder Name="/MS.Microservice.Logging/test/">
    <Project Path="MS.Microservice.Logging/test/MS.Microservice.Logging.AspNetCore.Tests/MS.Microservice.Logging.AspNetCore.Tests.csproj" />
    <Project Path="MS.Microservice.Logging/test/MS.Microservice.Logging.Core.Tests/MS.Microservice.Logging.Core.Tests.csproj" />
    <Project Path="MS.Microservice.Logging/test/MS.Microservice.Logging.NLog.Tests/MS.Microservice.Logging.NLog.Tests.csproj" />
    <Project Path="MS.Microservice.Logging/test/MS.Microservice.Logging.Serilog.Tests/MS.Microservice.Logging.Serilog.Tests.csproj" />
  </Folder>
  <Folder Name="/MS.Microservice.Persistence/" />
  <Folder Name="/MS.Microservice.Persistence/MS.Microservice.Persistence.EFCore/" />
  <Folder Name="/MS.Microservice.Persistence/MS.Microservice.Persistence.EFCore/src/">
    <Project Path="MS.Microservice.Persistence/MS.Microservice.Persistence.EFCore/src/MS.Microservice.Persistence.EFCore/MS.Microservice.Persistence.EFCore.csproj" />
  </Folder>
  <Folder Name="/MS.Microservice.Persistence/MS.Microservice.Persistence.EFCore/test/">
    <Project Path="MS.Microservice.Persistence/MS.Microservice.Persistence.EFCore/test/MS.Microservice.Persistence.EFCore.Tests/MS.Microservice.Persistence.EFCore.Tests.csproj" />
  </Folder>
  <Folder Name="/MS.Microservice.Persistence/MS.Microservice.Persistence.SqlSugar/" />
  <Folder Name="/MS.Microservice.Persistence/MS.Microservice.Persistence.SqlSugar/src/">
    <Project Path="MS.Microservice.Persistence/MS.Microservice.Persistence.SqlSugar/src/MS.Microservice.Persistence.SqlSugar/MS.Microservice.Persistence.SqlSugar.csproj" />
  </Folder>
  <Folder Name="/MS.Microservice.Persistence/MS.Microservice.Persistence.SqlSugar/test/">
    <Project Path="MS.Microservice.Persistence/MS.Microservice.Persistence.SqlSugar/test/MS.Microservice.Persistence.SqlSugar.Tests/MS.Microservice.Persistence.SqlSugar.Tests.csproj" />
  </Folder>
  <Folder Name="/MS.Microservice.Swagger/" />
  <Folder Name="/MS.Microservice.Swagger/src/">
    <Project Path="MS.Microservice.Swagger/MS.Microservice.Swagger.csproj" />
  </Folder>
  <Folder Name="/MS.Microservice.Swagger/test/">
    <Project Path="test/MS.Microservice.Swagger.Tests/MS.Microservice.Swagger.Tests.csproj" />
  </Folder>
  <Folder Name="/src/">
    <Project Path="src/MS.Microservice.Core/MS.Microservice.Core.csproj" />
    <Project Path="src/MS.Microservice.Domain/MS.Microservice.Domain.csproj" />
    <Project Path="src/MS.Microservice.Infrastructure/MS.Microservice.Infrastructure.csproj" />
    <Project Path="src/MS.Microservice.Web/MS.Microservice.Web.csproj" />
  </Folder>
  <Folder Name="/test/">
    <Project Path="test/MS.Microservice.Core.Tests/MS.Microservice.Core.Tests.csproj" />
    <Project Path="test/MS.Microservice.Infrastructure.Tests/MS.Microservice.Infrastructure.Tests.csproj" />
  </Folder>
</Solution>
