
Microsoft Visual Studio Solution File, Format Version 12.00
# Visual Studio Version 17
VisualStudioVersion = 17.0.31912.275
MinimumVisualStudioVersion = 10.0.40219.1
Project("{2150E333-8FDC-42A3-9474-1A3956D46DE8}") = "docs", "docs", "{8EC4A02C-9D47-46A5-B3ED-52F02C7A61D0}"
EndProject
Project("{2150E333-8FDC-42A3-9474-1A3956D46DE8}") = "src", "src", "{CE0B6A3E-64D2-4151-A28E-A146CB0F29CB}"
EndProject
Project("{2150E333-8FDC-42A3-9474-1A3956D46DE8}") = "test", "test", "{6377AFC6-2423-45BB-B243-1E639519D56A}"
EndProject
Project("{2150E333-8FDC-42A3-9474-1A3956D46DE8}") = "Solution Items", "Solution Items", "{D5505EA7-2FB3-4124-8AAA-BAB3F87ADF9C}"
	ProjectSection(SolutionItems) = preProject
		Directory.Build.props = Directory.Build.props
		Directory.Packages.props = Directory.Packages.props
	EndProjectSection
EndProject
Project("{9A19103F-16F7-4668-BE54-9A1E7A4F7556}") = "MS.Microservice.EventBus", "MS.Microservice.EventBus\MS.Microservice.EventBus.csproj", "{53EB3E52-EFF8-49EB-ADA1-1DC5A19892DC}"
EndProject
Project("{9A19103F-16F7-4668-BE54-9A1E7A4F7556}") = "MS.Microservice.Core", "src\MS.Microservice.Core\MS.Microservice.Core.csproj", "{D8E83364-0ED7-4115-965C-CE82215F6269}"
EndProject
Project("{9A19103F-16F7-4668-BE54-9A1E7A4F7556}") = "MS.Microservice.Domain", "src\MS.Microservice.Domain\MS.Microservice.Domain.csproj", "{EA1E7EF2-DD30-4FE6-99E4-DCE90CBAA449}"
EndProject
Project("{9A19103F-16F7-4668-BE54-9A1E7A4F7556}") = "MS.Microservice.Infrastructure", "src\MS.Microservice.Infrastructure\MS.Microservice.Infrastructure.csproj", "{B327FCF4-64CF-45E2-A573-AA0CA780F9A2}"
EndProject
Project("{9A19103F-16F7-4668-BE54-9A1E7A4F7556}") = "MS.Microservice.Swagger", "src\MS.Microservice.Swagger\MS.Microservice.Swagger.csproj", "{1803FA96-A3AB-4F2F-B2DA-B66D0E4B2F24}"
EndProject
Project("{9A19103F-16F7-4668-BE54-9A1E7A4F7556}") = "MS.Microservice.Web", "src\MS.Microservice.Web\MS.Microservice.Web.csproj", "{147C80AF-11C4-4ABC-8422-5C7C525F7E27}"
EndProject
Project("{9A19103F-16F7-4668-BE54-9A1E7A4F7556}") = "MS.Microservice.Core.Tests", "test\MS.Microservice.Core.Tests\MS.Microservice.Core.Tests.csproj", "{C2A40B53-3F94-49B4-9F23-FA92CE4D673B}"
EndProject
Project("{FAE04EC0-301F-11D3-BF4B-00C04F79EFBC}") = "MS.Microservice.Infrastructure.Tests", "test\MS.Microservice.Infrastructure.Tests\MS.Microservice.Infrastructure.Tests.csproj", "{F4FD7202-E40E-4E45-AC88-DF72A6E86BD2}"
EndProject
Project("{2150E333-8FDC-42A3-9474-1A3956D46DE8}") = "MS.Microservice.Logging", "MS.Microservice.Logging", "{959B1580-36F9-DF7B-10DE-35C92947B051}"
EndProject
Project("{2150E333-8FDC-42A3-9474-1A3956D46DE8}") = "src", "src", "{DCBBBE58-F8E6-6DC6-2CAC-C9F65F3B78F1}"
EndProject
Project("{FAE04EC0-301F-11D3-BF4B-00C04F79EFBC}") = "MS.Microservice.Logging.Core", "MS.Microservice.Logging\src\MS.Microservice.Logging.Core\MS.Microservice.Logging.Core.csproj", "{0FD854A3-1175-4F5C-954E-5EF21F3B7443}"
EndProject
Project("{FAE04EC0-301F-11D3-BF4B-00C04F79EFBC}") = "MS.Microservice.Logging.AspNetCore", "MS.Microservice.Logging\src\MS.Microservice.Logging.AspNetCore\MS.Microservice.Logging.AspNetCore.csproj", "{C145B22E-93ED-4F17-A2EE-7E971D6A3D0C}"
EndProject
Project("{FAE04EC0-301F-11D3-BF4B-00C04F79EFBC}") = "MS.Microservice.Logging.NLog", "MS.Microservice.Logging\src\MS.Microservice.Logging.NLog\MS.Microservice.Logging.NLog.csproj", "{C6BFE8BF-A94F-464D-88DA-8D52E4B03852}"
EndProject
Project("{FAE04EC0-301F-11D3-BF4B-00C04F79EFBC}") = "MS.Microservice.Logging.Serilog", "MS.Microservice.Logging\src\MS.Microservice.Logging.Serilog\MS.Microservice.Logging.Serilog.csproj", "{09A92FED-DF0A-4A6D-BF2F-1081F0448E2A}"
EndProject
Project("{2150E333-8FDC-42A3-9474-1A3956D46DE8}") = "test", "test", "{7F6646C9-9E3E-FF99-B2FD-D403F031773C}"
EndProject
Project("{FAE04EC0-301F-11D3-BF4B-00C04F79EFBC}") = "MS.Microservice.Logging.Core.Tests", "MS.Microservice.Logging\test\MS.Microservice.Logging.Core.Tests\MS.Microservice.Logging.Core.Tests.csproj", "{98BFBED5-EBA6-4482-B242-38D2E9CB6121}"
EndProject
Project("{FAE04EC0-301F-11D3-BF4B-00C04F79EFBC}") = "MS.Microservice.Logging.AspNetCore.Tests", "MS.Microservice.Logging\test\MS.Microservice.Logging.AspNetCore.Tests\MS.Microservice.Logging.AspNetCore.Tests.csproj", "{896DC558-7254-465A-96F5-4887D4FC5F2C}"
EndProject
Project("{FAE04EC0-301F-11D3-BF4B-00C04F79EFBC}") = "MS.Microservice.Logging.NLog.Tests", "MS.Microservice.Logging\test\MS.Microservice.Logging.NLog.Tests\MS.Microservice.Logging.NLog.Tests.csproj", "{E508EC3C-E999-4DF4-AD1D-850AC4D7D3DA}"
EndProject
Project("{FAE04EC0-301F-11D3-BF4B-00C04F79EFBC}") = "MS.Microservice.Logging.Serilog.Tests", "MS.Microservice.Logging\test\MS.Microservice.Logging.Serilog.Tests\MS.Microservice.Logging.Serilog.Tests.csproj", "{0554BADE-0136-4DD0-AA3F-C72C8BF08787}"
EndProject
Project("{FAE04EC0-301F-11D3-BF4B-00C04F79EFBC}") = "MS.Microservice.Swagger", "MS.Microservice.Swagger\MS.Microservice.Swagger.csproj", "{2BF1CC5E-94B2-4109-A136-CAA93076D49F}"
EndProject
Project("{FAE04EC0-301F-11D3-BF4B-00C04F79EFBC}") = "MS.Microservice.EventBus.Tests", "test\MS.Microservice.EventBus.Tests\MS.Microservice.EventBus.Tests.csproj", "{6A52CD8F-257C-4B5A-BBD5-D601E95EA9A4}"
EndProject
Project("{FAE04EC0-301F-11D3-BF4B-00C04F79EFBC}") = "MS.Microservice.Swagger.Tests", "test\MS.Microservice.Swagger.Tests\MS.Microservice.Swagger.Tests.csproj", "{CA4AA5B3-4EBA-4C53-B259-0A159C338B81}"
EndProject
Project("{2150E333-8FDC-42A3-9474-1A3956D46DE8}") = "MS.Microservice.AI", "MS.Microservice.AI", "{AF10FBC2-D6E8-F15D-A88E-3355DE5B0167}"
EndProject
Project("{2150E333-8FDC-42A3-9474-1A3956D46DE8}") = "src", "src", "{9BBCEED9-7BE7-28B9-5427-FC91BCA7FCFD}"
EndProject
Project("{FAE04EC0-301F-11D3-BF4B-00C04F79EFBC}") = "MS.Microservice.AI.Abstractions", "MS.Microservice.AI\src\MS.Microservice.AI.Abstractions\MS.Microservice.AI.Abstractions.csproj", "{4C55F44D-787B-46A5-B121-4649DF20420C}"
EndProject
Project("{FAE04EC0-301F-11D3-BF4B-00C04F79EFBC}") = "MS.Microservice.AI.Core", "MS.Microservice.AI\src\MS.Microservice.AI.Core\MS.Microservice.AI.Core.csproj", "{6DE8152D-0344-4C9D-9B96-6C48ED47D0CF}"
EndProject
Project("{FAE04EC0-301F-11D3-BF4B-00C04F79EFBC}") = "MS.Microservice.AI.OpenAI", "MS.Microservice.AI\src\MS.Microservice.AI.OpenAI\MS.Microservice.AI.OpenAI.csproj", "{4F338F13-BC65-49D4-84EF-F2E2061C9C7F}"
EndProject
Project("{FAE04EC0-301F-11D3-BF4B-00C04F79EFBC}") = "MS.Microservice.AI.DeepSeek", "MS.Microservice.AI\src\MS.Microservice.AI.DeepSeek\MS.Microservice.AI.DeepSeek.csproj", "{FD3ED548-AC2C-476B-AD73-1D345710B2C2}"
EndProject
Project("{FAE04EC0-301F-11D3-BF4B-00C04F79EFBC}") = "MS.Microservice.AI.Qwen", "MS.Microservice.AI\src\MS.Microservice.AI.Qwen\MS.Microservice.AI.Qwen.csproj", "{A2441B8E-66F9-427F-B864-BFE1C59C7A29}"
EndProject
Project("{2150E333-8FDC-42A3-9474-1A3956D46DE8}") = "test", "test", "{6E0C1D95-26AF-AE67-448A-851C03BBE0B3}"
EndProject
Project("{FAE04EC0-301F-11D3-BF4B-00C04F79EFBC}") = "MS.Microservice.AI.Core.Tests", "MS.Microservice.AI\test\MS.Microservice.AI.Core.Tests\MS.Microservice.AI.Core.Tests.csproj", "{D777F968-2128-4C4E-B1FB-AEFCEC85DA95}"
EndProject
Project("{FAE04EC0-301F-11D3-BF4B-00C04F79EFBC}") = "MS.Microservice.AI.OpenAI.Tests", "MS.Microservice.AI\test\MS.Microservice.AI.OpenAI.Tests\MS.Microservice.AI.OpenAI.Tests.csproj", "{3B08F798-BB9A-4F28-9456-EA6C9614FF8C}"
EndProject
Project("{FAE04EC0-301F-11D3-BF4B-00C04F79EFBC}") = "MS.Microservice.AI.DeepSeek.Tests", "MS.Microservice.AI\test\MS.Microservice.AI.DeepSeek.Tests\MS.Microservice.AI.DeepSeek.Tests.csproj", "{77936DD4-ABFB-495D-87CC-3A20133F15BD}"
EndProject
Project("{FAE04EC0-301F-11D3-BF4B-00C04F79EFBC}") = "MS.Microservice.AI.Qwen.Tests", "MS.Microservice.AI\test\MS.Microservice.AI.Qwen.Tests\MS.Microservice.AI.Qwen.Tests.csproj", "{6403F9A0-5828-4223-8645-8CCE0AC2536C}"
EndProject
Global
	GlobalSection(SolutionConfigurationPlatforms) = preSolution
		Debug|Any CPU = Debug|Any CPU
		Debug|x64 = Debug|x64
		Debug|x86 = Debug|x86
		Release|Any CPU = Release|Any CPU
		Release|x64 = Release|x64
		Release|x86 = Release|x86
	EndGlobalSection
	GlobalSection(ProjectConfigurationPlatforms) = postSolution
		{53EB3E52-EFF8-49EB-ADA1-1DC5A19892DC}.Debug|Any CPU.ActiveCfg = Debug|Any CPU
		{53EB3E52-EFF8-49EB-ADA1-1DC5A19892DC}.Debug|Any CPU.Build.0 = Debug|Any CPU
		{53EB3E52-EFF8-49EB-ADA1-1DC5A19892DC}.Debug|x64.ActiveCfg = Debug|Any CPU
		{53EB3E52-EFF8-49EB-ADA1-1DC5A19892DC}.Debug|x64.Build.0 = Debug|Any CPU
		{53EB3E52-EFF8-49EB-ADA1-1DC5A19892DC}.Debug|x86.ActiveCfg = Debug|Any CPU
		{53EB3E52-EFF8-49EB-ADA1-1DC5A19892DC}.Debug|x86.Build.0 = Debug|Any CPU
		{53EB3E52-EFF8-49EB-ADA1-1DC5A19892DC}.Release|Any CPU.ActiveCfg = Release|Any CPU
		{53EB3E52-EFF8-49EB-ADA1-1DC5A19892DC}.Release|Any CPU.Build.0 = Release|Any CPU
		{53EB3E52-EFF8-49EB-ADA1-1DC5A19892DC}.Release|x64.ActiveCfg = Release|Any CPU
		{53EB3E52-EFF8-49EB-ADA1-1DC5A19892DC}.Release|x64.Build.0 = Release|Any CPU
		{53EB3E52-EFF8-49EB-ADA1-1DC5A19892DC}.Release|x86.ActiveCfg = Release|Any CPU
		{53EB3E52-EFF8-49EB-ADA1-1DC5A19892DC}.Release|x86.Build.0 = Release|Any CPU
		{D8E83364-0ED7-4115-965C-CE82215F6269}.Debug|Any CPU.ActiveCfg = Debug|Any CPU
		{D8E83364-0ED7-4115-965C-CE82215F6269}.Debug|Any CPU.Build.0 = Debug|Any CPU
		{D8E83364-0ED7-4115-965C-CE82215F6269}.Debug|x64.ActiveCfg = Debug|Any CPU
		{D8E83364-0ED7-4115-965C-CE82215F6269}.Debug|x64.Build.0 = Debug|Any CPU
		{D8E83364-0ED7-4115-965C-CE82215F6269}.Debug|x86.ActiveCfg = Debug|Any CPU
		{D8E83364-0ED7-4115-965C-CE82215F6269}.Debug|x86.Build.0 = Debug|Any CPU
		{D8E83364-0ED7-4115-965C-CE82215F6269}.Release|Any CPU.ActiveCfg = Release|Any CPU
		{D8E83364-0ED7-4115-965C-CE82215F6269}.Release|Any CPU.Build.0 = Release|Any CPU
		{D8E83364-0ED7-4115-965C-CE82215F6269}.Release|x64.ActiveCfg = Release|Any CPU
		{D8E83364-0ED7-4115-965C-CE82215F6269}.Release|x64.Build.0 = Release|Any CPU
		{D8E83364-0ED7-4115-965C-CE82215F6269}.Release|x86.ActiveCfg = Release|Any CPU
		{D8E83364-0ED7-4115-965C-CE82215F6269}.Release|x86.Build.0 = Release|Any CPU
		{EA1E7EF2-DD30-4FE6-99E4-DCE90CBAA449}.Debug|Any CPU.ActiveCfg = Debug|Any CPU
		{EA1E7EF2-DD30-4FE6-99E4-DCE90CBAA449}.Debug|Any CPU.Build.0 = Debug|Any CPU
		{EA1E7EF2-DD30-4FE6-99E4-DCE90CBAA449}.Debug|x64.ActiveCfg = Debug|Any CPU
		{EA1E7EF2-DD30-4FE6-99E4-DCE90CBAA449}.Debug|x64.Build.0 = Debug|Any CPU
		{EA1E7EF2-DD30-4FE6-99E4-DCE90CBAA449}.Debug|x86.ActiveCfg = Debug|Any CPU
		{EA1E7EF2-DD30-4FE6-99E4-DCE90CBAA449}.Debug|x86.Build.0 = Debug|Any CPU
		{EA1E7EF2-DD30-4FE6-99E4-DCE90CBAA449}.Release|Any CPU.ActiveCfg = Release|Any CPU
		{EA1E7EF2-DD30-4FE6-99E4-DCE90CBAA449}.Release|Any CPU.Build.0 = Release|Any CPU
		{EA1E7EF2-DD30-4FE6-99E4-DCE90CBAA449}.Release|x64.ActiveCfg = Release|Any CPU
		{EA1E7EF2-DD30-4FE6-99E4-DCE90CBAA449}.Release|x64.Build.0 = Release|Any CPU
		{EA1E7EF2-DD30-4FE6-99E4-DCE90CBAA449}.Release|x86.ActiveCfg = Release|Any CPU
		{EA1E7EF2-DD30-4FE6-99E4-DCE90CBAA449}.Release|x86.Build.0 = Release|Any CPU
		{B327FCF4-64CF-45E2-A573-AA0CA780F9A2}.Debug|Any CPU.ActiveCfg = Debug|Any CPU
		{B327FCF4-64CF-45E2-A573-AA0CA780F9A2}.Debug|Any CPU.Build.0 = Debug|Any CPU
		{B327FCF4-64CF-45E2-A573-AA0CA780F9A2}.Debug|x64.ActiveCfg = Debug|Any CPU
		{B327FCF4-64CF-45E2-A573-AA0CA780F9A2}.Debug|x64.Build.0 = Debug|Any CPU
		{B327FCF4-64CF-45E2-A573-AA0CA780F9A2}.Debug|x86.ActiveCfg = Debug|Any CPU
		{B327FCF4-64CF-45E2-A573-AA0CA780F9A2}.Debug|x86.Build.0 = Debug|Any CPU
		{B327FCF4-64CF-45E2-A573-AA0CA780F9A2}.Release|Any CPU.ActiveCfg = Release|Any CPU
		{B327FCF4-64CF-45E2-A573-AA0CA780F9A2}.Release|Any CPU.Build.0 = Release|Any CPU
		{B327FCF4-64CF-45E2-A573-AA0CA780F9A2}.Release|x64.ActiveCfg = Release|Any CPU
		{B327FCF4-64CF-45E2-A573-AA0CA780F9A2}.Release|x64.Build.0 = Release|Any CPU
		{B327FCF4-64CF-45E2-A573-AA0CA780F9A2}.Release|x86.ActiveCfg = Release|Any CPU
		{B327FCF4-64CF-45E2-A573-AA0CA780F9A2}.Release|x86.Build.0 = Release|Any CPU
		{1803FA96-A3AB-4F2F-B2DA-B66D0E4B2F24}.Debug|Any CPU.ActiveCfg = Debug|Any CPU
		{1803FA96-A3AB-4F2F-B2DA-B66D0E4B2F24}.Debug|Any CPU.Build.0 = Debug|Any CPU
		{1803FA96-A3AB-4F2F-B2DA-B66D0E4B2F24}.Debug|x64.ActiveCfg = Debug|Any CPU
		{1803FA96-A3AB-4F2F-B2DA-B66D0E4B2F24}.Debug|x64.Build.0 = Debug|Any CPU
		{1803FA96-A3AB-4F2F-B2DA-B66D0E4B2F24}.Debug|x86.ActiveCfg = Debug|Any CPU
		{1803FA96-A3AB-4F2F-B2DA-B66D0E4B2F24}.Debug|x86.Build.0 = Debug|Any CPU
		{1803FA96-A3AB-4F2F-B2DA-B66D0E4B2F24}.Release|Any CPU.ActiveCfg = Release|Any CPU
		{1803FA96-A3AB-4F2F-B2DA-B66D0E4B2F24}.Release|Any CPU.Build.0 = Release|Any CPU
		{1803FA96-A3AB-4F2F-B2DA-B66D0E4B2F24}.Release|x64.ActiveCfg = Release|Any CPU
		{1803FA96-A3AB-4F2F-B2DA-B66D0E4B2F24}.Release|x64.Build.0 = Release|Any CPU
		{1803FA96-A3AB-4F2F-B2DA-B66D0E4B2F24}.Release|x86.ActiveCfg = Release|Any CPU
		{1803FA96-A3AB-4F2F-B2DA-B66D0E4B2F24}.Release|x86.Build.0 = Release|Any CPU
		{147C80AF-11C4-4ABC-8422-5C7C525F7E27}.Debug|Any CPU.ActiveCfg = Debug|Any CPU
		{147C80AF-11C4-4ABC-8422-5C7C525F7E27}.Debug|Any CPU.Build.0 = Debug|Any CPU
		{147C80AF-11C4-4ABC-8422-5C7C525F7E27}.Debug|x64.ActiveCfg = Debug|Any CPU
		{147C80AF-11C4-4ABC-8422-5C7C525F7E27}.Debug|x64.Build.0 = Debug|Any CPU
		{147C80AF-11C4-4ABC-8422-5C7C525F7E27}.Debug|x86.ActiveCfg = Debug|Any CPU
		{147C80AF-11C4-4ABC-8422-5C7C525F7E27}.Debug|x86.Build.0 = Debug|Any CPU
		{147C80AF-11C4-4ABC-8422-5C7C525F7E27}.Release|Any CPU.ActiveCfg = Release|Any CPU
		{147C80AF-11C4-4ABC-8422-5C7C525F7E27}.Release|Any CPU.Build.0 = Release|Any CPU
		{147C80AF-11C4-4ABC-8422-5C7C525F7E27}.Release|x64.ActiveCfg = Release|Any CPU
		{147C80AF-11C4-4ABC-8422-5C7C525F7E27}.Release|x64.Build.0 = Release|Any CPU
		{147C80AF-11C4-4ABC-8422-5C7C525F7E27}.Release|x86.ActiveCfg = Release|Any CPU
		{147C80AF-11C4-4ABC-8422-5C7C525F7E27}.Release|x86.Build.0 = Release|Any CPU
		{C2A40B53-3F94-49B4-9F23-FA92CE4D673B}.Debug|Any CPU.ActiveCfg = Debug|Any CPU
		{C2A40B53-3F94-49B4-9F23-FA92CE4D673B}.Debug|Any CPU.Build.0 = Debug|Any CPU
		{C2A40B53-3F94-49B4-9F23-FA92CE4D673B}.Debug|x64.ActiveCfg = Debug|Any CPU
		{C2A40B53-3F94-49B4-9F23-FA92CE4D673B}.Debug|x64.Build.0 = Debug|Any CPU
		{C2A40B53-3F94-49B4-9F23-FA92CE4D673B}.Debug|x86.ActiveCfg = Debug|Any CPU
		{C2A40B53-3F94-49B4-9F23-FA92CE4D673B}.Debug|x86.Build.0 = Debug|Any CPU
		{C2A40B53-3F94-49B4-9F23-FA92CE4D673B}.Release|Any CPU.ActiveCfg = Release|Any CPU
		{C2A40B53-3F94-49B4-9F23-FA92CE4D673B}.Release|Any CPU.Build.0 = Release|Any CPU
		{C2A40B53-3F94-49B4-9F23-FA92CE4D673B}.Release|x64.ActiveCfg = Release|Any CPU
		{C2A40B53-3F94-49B4-9F23-FA92CE4D673B}.Release|x64.Build.0 = Release|Any CPU
		{C2A40B53-3F94-49B4-9F23-FA92CE4D673B}.Release|x86.ActiveCfg = Release|Any CPU
		{C2A40B53-3F94-49B4-9F23-FA92CE4D673B}.Release|x86.Build.0 = Release|Any CPU
		{F4FD7202-E40E-4E45-AC88-DF72A6E86BD2}.Debug|Any CPU.ActiveCfg = Debug|Any CPU
		{F4FD7202-E40E-4E45-AC88-DF72A6E86BD2}.Debug|Any CPU.Build.0 = Debug|Any CPU
		{F4FD7202-E40E-4E45-AC88-DF72A6E86BD2}.Debug|x64.ActiveCfg = Debug|Any CPU
		{F4FD7202-E40E-4E45-AC88-DF72A6E86BD2}.Debug|x64.Build.0 = Debug|Any CPU
		{F4FD7202-E40E-4E45-AC88-DF72A6E86BD2}.Debug|x86.ActiveCfg = Debug|Any CPU
		{F4FD7202-E40E-4E45-AC88-DF72A6E86BD2}.Debug|x86.Build.0 = Debug|Any CPU
		{F4FD7202-E40E-4E45-AC88-DF72A6E86BD2}.Release|Any CPU.ActiveCfg = Release|Any CPU
		{F4FD7202-E40E-4E45-AC88-DF72A6E86BD2}.Release|Any CPU.Build.0 = Release|Any CPU
		{F4FD7202-E40E-4E45-AC88-DF72A6E86BD2}.Release|x64.ActiveCfg = Release|Any CPU
		{F4FD7202-E40E-4E45-AC88-DF72A6E86BD2}.Release|x64.Build.0 = Release|Any CPU
		{F4FD7202-E40E-4E45-AC88-DF72A6E86BD2}.Release|x86.ActiveCfg = Release|Any CPU
		{F4FD7202-E40E-4E45-AC88-DF72A6E86BD2}.Release|x86.Build.0 = Release|Any CPU
		{0FD854A3-1175-4F5C-954E-5EF21F3B7443}.Debug|Any CPU.ActiveCfg = Debug|Any CPU
		{0FD854A3-1175-4F5C-954E-5EF21F3B7443}.Debug|Any CPU.Build.0 = Debug|Any CPU
		{0FD854A3-1175-4F5C-954E-5EF21F3B7443}.Debug|x64.ActiveCfg = Debug|Any CPU
		{0FD854A3-1175-4F5C-954E-5EF21F3B7443}.Debug|x64.Build.0 = Debug|Any CPU
		{0FD854A3-1175-4F5C-954E-5EF21F3B7443}.Debug|x86.ActiveCfg = Debug|Any CPU
		{0FD854A3-1175-4F5C-954E-5EF21F3B7443}.Debug|x86.Build.0 = Debug|Any CPU
		{0FD854A3-1175-4F5C-954E-5EF21F3B7443}.Release|Any CPU.ActiveCfg = Release|Any CPU
		{0FD854A3-1175-4F5C-954E-5EF21F3B7443}.Release|Any CPU.Build.0 = Release|Any CPU
		{0FD854A3-1175-4F5C-954E-5EF21F3B7443}.Release|x64.ActiveCfg = Release|Any CPU
		{0FD854A3-1175-4F5C-954E-5EF21F3B7443}.Release|x64.Build.0 = Release|Any CPU
		{0FD854A3-1175-4F5C-954E-5EF21F3B7443}.Release|x86.ActiveCfg = Release|Any CPU
		{0FD854A3-1175-4F5C-954E-5EF21F3B7443}.Release|x86.Build.0 = Release|Any CPU
		{C145B22E-93ED-4F17-A2EE-7E971D6A3D0C}.Debug|Any CPU.ActiveCfg = Debug|Any CPU
		{C145B22E-93ED-4F17-A2EE-7E971D6A3D0C}.Debug|Any CPU.Build.0 = Debug|Any CPU
		{C145B22E-93ED-4F17-A2EE-7E971D6A3D0C}.Debug|x64.ActiveCfg = Debug|Any CPU
		{C145B22E-93ED-4F17-A2EE-7E971D6A3D0C}.Debug|x64.Build.0 = Debug|Any CPU
		{C145B22E-93ED-4F17-A2EE-7E971D6A3D0C}.Debug|x86.ActiveCfg = Debug|Any CPU
		{C145B22E-93ED-4F17-A2EE-7E971D6A3D0C}.Debug|x86.Build.0 = Debug|Any CPU
		{C145B22E-93ED-4F17-A2EE-7E971D6A3D0C}.Release|Any CPU.ActiveCfg = Release|Any CPU
		{C145B22E-93ED-4F17-A2EE-7E971D6A3D0C}.Release|Any CPU.Build.0 = Release|Any CPU
		{C145B22E-93ED-4F17-A2EE-7E971D6A3D0C}.Release|x64.ActiveCfg = Release|Any CPU
		{C145B22E-93ED-4F17-A2EE-7E971D6A3D0C}.Release|x64.Build.0 = Release|Any CPU
		{C145B22E-93ED-4F17-A2EE-7E971D6A3D0C}.Release|x86.ActiveCfg = Release|Any CPU
		{C145B22E-93ED-4F17-A2EE-7E971D6A3D0C}.Release|x86.Build.0 = Release|Any CPU
		{C6BFE8BF-A94F-464D-88DA-8D52E4B03852}.Debug|Any CPU.ActiveCfg = Debug|Any CPU
		{C6BFE8BF-A94F-464D-88DA-8D52E4B03852}.Debug|Any CPU.Build.0 = Debug|Any CPU
		{C6BFE8BF-A94F-464D-88DA-8D52E4B03852}.Debug|x64.ActiveCfg = Debug|Any CPU
		{C6BFE8BF-A94F-464D-88DA-8D52E4B03852}.Debug|x64.Build.0 = Debug|Any CPU
		{C6BFE8BF-A94F-464D-88DA-8D52E4B03852}.Debug|x86.ActiveCfg = Debug|Any CPU
		{C6BFE8BF-A94F-464D-88DA-8D52E4B03852}.Debug|x86.Build.0 = Debug|Any CPU
		{C6BFE8BF-A94F-464D-88DA-8D52E4B03852}.Release|Any CPU.ActiveCfg = Release|Any CPU
		{C6BFE8BF-A94F-464D-88DA-8D52E4B03852}.Release|Any CPU.Build.0 = Release|Any CPU
		{C6BFE8BF-A94F-464D-88DA-8D52E4B03852}.Release|x64.ActiveCfg = Release|Any CPU
		{C6BFE8BF-A94F-464D-88DA-8D52E4B03852}.Release|x64.Build.0 = Release|Any CPU
		{C6BFE8BF-A94F-464D-88DA-8D52E4B03852}.Release|x86.ActiveCfg = Release|Any CPU
		{C6BFE8BF-A94F-464D-88DA-8D52E4B03852}.Release|x86.Build.0 = Release|Any CPU
		{09A92FED-DF0A-4A6D-BF2F-1081F0448E2A}.Debug|Any CPU.ActiveCfg = Debug|Any CPU
		{09A92FED-DF0A-4A6D-BF2F-1081F0448E2A}.Debug|Any CPU.Build.0 = Debug|Any CPU
		{09A92FED-DF0A-4A6D-BF2F-1081F0448E2A}.Debug|x64.ActiveCfg = Debug|Any CPU
		{09A92FED-DF0A-4A6D-BF2F-1081F0448E2A}.Debug|x64.Build.0 = Debug|Any CPU
		{09A92FED-DF0A-4A6D-BF2F-1081F0448E2A}.Debug|x86.ActiveCfg = Debug|Any CPU
		{09A92FED-DF0A-4A6D-BF2F-1081F0448E2A}.Debug|x86.Build.0 = Debug|Any CPU
		{09A92FED-DF0A-4A6D-BF2F-1081F0448E2A}.Release|Any CPU.ActiveCfg = Release|Any CPU
		{09A92FED-DF0A-4A6D-BF2F-1081F0448E2A}.Release|Any CPU.Build.0 = Release|Any CPU
		{09A92FED-DF0A-4A6D-BF2F-1081F0448E2A}.Release|x64.ActiveCfg = Release|Any CPU
		{09A92FED-DF0A-4A6D-BF2F-1081F0448E2A}.Release|x64.Build.0 = Release|Any CPU
		{09A92FED-DF0A-4A6D-BF2F-1081F0448E2A}.Release|x86.ActiveCfg = Release|Any CPU
		{09A92FED-DF0A-4A6D-BF2F-1081F0448E2A}.Release|x86.Build.0 = Release|Any CPU
		{98BFBED5-EBA6-4482-B242-38D2E9CB6121}.Debug|Any CPU.ActiveCfg = Debug|Any CPU
		{98BFBED5-EBA6-4482-B242-38D2E9CB6121}.Debug|Any CPU.Build.0 = Debug|Any CPU
		{98BFBED5-EBA6-4482-B242-38D2E9CB6121}.Debug|x64.ActiveCfg = Debug|Any CPU
		{98BFBED5-EBA6-4482-B242-38D2E9CB6121}.Debug|x64.Build.0 = Debug|Any CPU
		{98BFBED5-EBA6-4482-B242-38D2E9CB6121}.Debug|x86.ActiveCfg = Debug|Any CPU
		{98BFBED5-EBA6-4482-B242-38D2E9CB6121}.Debug|x86.Build.0 = Debug|Any CPU
		{98BFBED5-EBA6-4482-B242-38D2E9CB6121}.Release|Any CPU.ActiveCfg = Release|Any CPU
		{98BFBED5-EBA6-4482-B242-38D2E9CB6121}.Release|Any CPU.Build.0 = Release|Any CPU
		{98BFBED5-EBA6-4482-B242-38D2E9CB6121}.Release|x64.ActiveCfg = Release|Any CPU
		{98BFBED5-EBA6-4482-B242-38D2E9CB6121}.Release|x64.Build.0 = Release|Any CPU
		{98BFBED5-EBA6-4482-B242-38D2E9CB6121}.Release|x86.ActiveCfg = Release|Any CPU
		{98BFBED5-EBA6-4482-B242-38D2E9CB6121}.Release|x86.Build.0 = Release|Any CPU
		{896DC558-7254-465A-96F5-4887D4FC5F2C}.Debug|Any CPU.ActiveCfg = Debug|Any CPU
		{896DC558-7254-465A-96F5-4887D4FC5F2C}.Debug|Any CPU.Build.0 = Debug|Any CPU
		{896DC558-7254-465A-96F5-4887D4FC5F2C}.Debug|x64.ActiveCfg = Debug|Any CPU
		{896DC558-7254-465A-96F5-4887D4FC5F2C}.Debug|x64.Build.0 = Debug|Any CPU
		{896DC558-7254-465A-96F5-4887D4FC5F2C}.Debug|x86.ActiveCfg = Debug|Any CPU
		{896DC558-7254-465A-96F5-4887D4FC5F2C}.Debug|x86.Build.0 = Debug|Any CPU
		{896DC558-7254-465A-96F5-4887D4FC5F2C}.Release|Any CPU.ActiveCfg = Release|Any CPU
		{896DC558-7254-465A-96F5-4887D4FC5F2C}.Release|Any CPU.Build.0 = Release|Any CPU
		{896DC558-7254-465A-96F5-4887D4FC5F2C}.Release|x64.ActiveCfg = Release|Any CPU
		{896DC558-7254-465A-96F5-4887D4FC5F2C}.Release|x64.Build.0 = Release|Any CPU
		{896DC558-7254-465A-96F5-4887D4FC5F2C}.Release|x86.ActiveCfg = Release|Any CPU
		{896DC558-7254-465A-96F5-4887D4FC5F2C}.Release|x86.Build.0 = Release|Any CPU
		{E508EC3C-E999-4DF4-AD1D-850AC4D7D3DA}.Debug|Any CPU.ActiveCfg = Debug|Any CPU
		{E508EC3C-E999-4DF4-AD1D-850AC4D7D3DA}.Debug|Any CPU.Build.0 = Debug|Any CPU
		{E508EC3C-E999-4DF4-AD1D-850AC4D7D3DA}.Debug|x64.ActiveCfg = Debug|Any CPU
		{E508EC3C-E999-4DF4-AD1D-850AC4D7D3DA}.Debug|x64.Build.0 = Debug|Any CPU
		{E508EC3C-E999-4DF4-AD1D-850AC4D7D3DA}.Debug|x86.ActiveCfg = Debug|Any CPU
		{E508EC3C-E999-4DF4-AD1D-850AC4D7D3DA}.Debug|x86.Build.0 = Debug|Any CPU
		{E508EC3C-E999-4DF4-AD1D-850AC4D7D3DA}.Release|Any CPU.ActiveCfg = Release|Any CPU
		{E508EC3C-E999-4DF4-AD1D-850AC4D7D3DA}.Release|Any CPU.Build.0 = Release|Any CPU
		{E508EC3C-E999-4DF4-AD1D-850AC4D7D3DA}.Release|x64.ActiveCfg = Release|Any CPU
		{E508EC3C-E999-4DF4-AD1D-850AC4D7D3DA}.Release|x64.Build.0 = Release|Any CPU
		{E508EC3C-E999-4DF4-AD1D-850AC4D7D3DA}.Release|x86.ActiveCfg = Release|Any CPU
		{E508EC3C-E999-4DF4-AD1D-850AC4D7D3DA}.Release|x86.Build.0 = Release|Any CPU
		{0554BADE-0136-4DD0-AA3F-C72C8BF08787}.Debug|Any CPU.ActiveCfg = Debug|Any CPU
		{0554BADE-0136-4DD0-AA3F-C72C8BF08787}.Debug|Any CPU.Build.0 = Debug|Any CPU
		{0554BADE-0136-4DD0-AA3F-C72C8BF08787}.Debug|x64.ActiveCfg = Debug|Any CPU
		{0554BADE-0136-4DD0-AA3F-C72C8BF08787}.Debug|x64.Build.0 = Debug|Any CPU
		{0554BADE-0136-4DD0-AA3F-C72C8BF08787}.Debug|x86.ActiveCfg = Debug|Any CPU
		{0554BADE-0136-4DD0-AA3F-C72C8BF08787}.Debug|x86.Build.0 = Debug|Any CPU
		{0554BADE-0136-4DD0-AA3F-C72C8BF08787}.Release|Any CPU.ActiveCfg = Release|Any CPU
		{0554BADE-0136-4DD0-AA3F-C72C8BF08787}.Release|Any CPU.Build.0 = Release|Any CPU
		{0554BADE-0136-4DD0-AA3F-C72C8BF08787}.Release|x64.ActiveCfg = Release|Any CPU
		{0554BADE-0136-4DD0-AA3F-C72C8BF08787}.Release|x64.Build.0 = Release|Any CPU
		{0554BADE-0136-4DD0-AA3F-C72C8BF08787}.Release|x86.ActiveCfg = Release|Any CPU
		{0554BADE-0136-4DD0-AA3F-C72C8BF08787}.Release|x86.Build.0 = Release|Any CPU
		{2BF1CC5E-94B2-4109-A136-CAA93076D49F}.Debug|Any CPU.ActiveCfg = Debug|Any CPU
		{2BF1CC5E-94B2-4109-A136-CAA93076D49F}.Debug|Any CPU.Build.0 = Debug|Any CPU
		{2BF1CC5E-94B2-4109-A136-CAA93076D49F}.Debug|x64.ActiveCfg = Debug|Any CPU
		{2BF1CC5E-94B2-4109-A136-CAA93076D49F}.Debug|x64.Build.0 = Debug|Any CPU
		{2BF1CC5E-94B2-4109-A136-CAA93076D49F}.Debug|x86.ActiveCfg = Debug|Any CPU
		{2BF1CC5E-94B2-4109-A136-CAA93076D49F}.Debug|x86.Build.0 = Debug|Any CPU
		{2BF1CC5E-94B2-4109-A136-CAA93076D49F}.Release|Any CPU.ActiveCfg = Release|Any CPU
		{2BF1CC5E-94B2-4109-A136-CAA93076D49F}.Release|Any CPU.Build.0 = Release|Any CPU
		{2BF1CC5E-94B2-4109-A136-CAA93076D49F}.Release|x64.ActiveCfg = Release|Any CPU
		{2BF1CC5E-94B2-4109-A136-CAA93076D49F}.Release|x64.Build.0 = Release|Any CPU
		{2BF1CC5E-94B2-4109-A136-CAA93076D49F}.Release|x86.ActiveCfg = Release|Any CPU
		{2BF1CC5E-94B2-4109-A136-CAA93076D49F}.Release|x86.Build.0 = Release|Any CPU
		{6A52CD8F-257C-4B5A-BBD5-D601E95EA9A4}.Debug|Any CPU.ActiveCfg = Debug|Any CPU
		{6A52CD8F-257C-4B5A-BBD5-D601E95EA9A4}.Debug|Any CPU.Build.0 = Debug|Any CPU
		{6A52CD8F-257C-4B5A-BBD5-D601E95EA9A4}.Debug|x64.ActiveCfg = Debug|Any CPU
		{6A52CD8F-257C-4B5A-BBD5-D601E95EA9A4}.Debug|x64.Build.0 = Debug|Any CPU
		{6A52CD8F-257C-4B5A-BBD5-D601E95EA9A4}.Debug|x86.ActiveCfg = Debug|Any CPU
		{6A52CD8F-257C-4B5A-BBD5-D601E95EA9A4}.Debug|x86.Build.0 = Debug|Any CPU
		{6A52CD8F-257C-4B5A-BBD5-D601E95EA9A4}.Release|Any CPU.ActiveCfg = Release|Any CPU
		{6A52CD8F-257C-4B5A-BBD5-D601E95EA9A4}.Release|Any CPU.Build.0 = Release|Any CPU
		{6A52CD8F-257C-4B5A-BBD5-D601E95EA9A4}.Release|x64.ActiveCfg = Release|Any CPU
		{6A52CD8F-257C-4B5A-BBD5-D601E95EA9A4}.Release|x64.Build.0 = Release|Any CPU
		{6A52CD8F-257C-4B5A-BBD5-D601E95EA9A4}.Release|x86.ActiveCfg = Release|Any CPU
		{6A52CD8F-257C-4B5A-BBD5-D601E95EA9A4}.Release|x86.Build.0 = Release|Any CPU
		{CA4AA5B3-4EBA-4C53-B259-0A159C338B81}.Debug|Any CPU.ActiveCfg = Debug|Any CPU
		{CA4AA5B3-4EBA-4C53-B259-0A159C338B81}.Debug|Any CPU.Build.0 = Debug|Any CPU
		{CA4AA5B3-4EBA-4C53-B259-0A159C338B81}.Debug|x64.ActiveCfg = Debug|Any CPU
		{CA4AA5B3-4EBA-4C53-B259-0A159C338B81}.Debug|x64.Build.0 = Debug|Any CPU
		{CA4AA5B3-4EBA-4C53-B259-0A159C338B81}.Debug|x86.ActiveCfg = Debug|Any CPU
		{CA4AA5B3-4EBA-4C53-B259-0A159C338B81}.Debug|x86.Build.0 = Debug|Any CPU
		{CA4AA5B3-4EBA-4C53-B259-0A159C338B81}.Release|Any CPU.ActiveCfg = Release|Any CPU
		{CA4AA5B3-4EBA-4C53-B259-0A159C338B81}.Release|Any CPU.Build.0 = Release|Any CPU
		{CA4AA5B3-4EBA-4C53-B259-0A159C338B81}.Release|x64.ActiveCfg = Release|Any CPU
		{CA4AA5B3-4EBA-4C53-B259-0A159C338B81}.Release|x64.Build.0 = Release|Any CPU
		{CA4AA5B3-4EBA-4C53-B259-0A159C338B81}.Release|x86.ActiveCfg = Release|Any CPU
		{CA4AA5B3-4EBA-4C53-B259-0A159C338B81}.Release|x86.Build.0 = Release|Any CPU
		{4C55F44D-787B-46A5-B121-4649DF20420C}.Debug|Any CPU.ActiveCfg = Debug|Any CPU
		{4C55F44D-787B-46A5-B121-4649DF20420C}.Debug|Any CPU.Build.0 = Debug|Any CPU
		{4C55F44D-787B-46A5-B121-4649DF20420C}.Debug|x64.ActiveCfg = Debug|Any CPU
		{4C55F44D-787B-46A5-B121-4649DF20420C}.Debug|x64.Build.0 = Debug|Any CPU
		{4C55F44D-787B-46A5-B121-4649DF20420C}.Debug|x86.ActiveCfg = Debug|Any CPU
		{4C55F44D-787B-46A5-B121-4649DF20420C}.Debug|x86.Build.0 = Debug|Any CPU
		{4C55F44D-787B-46A5-B121-4649DF20420C}.Release|Any CPU.ActiveCfg = Release|Any CPU
		{4C55F44D-787B-46A5-B121-4649DF20420C}.Release|Any CPU.Build.0 = Release|Any CPU
		{4C55F44D-787B-46A5-B121-4649DF20420C}.Release|x64.ActiveCfg = Release|Any CPU
		{4C55F44D-787B-46A5-B121-4649DF20420C}.Release|x64.Build.0 = Release|Any CPU
		{4C55F44D-787B-46A5-B121-4649DF20420C}.Release|x86.ActiveCfg = Release|Any CPU
		{4C55F44D-787B-46A5-B121-4649DF20420C}.Release|x86.Build.0 = Release|Any CPU
		{6DE8152D-0344-4C9D-9B96-6C48ED47D0CF}.Debug|Any CPU.ActiveCfg = Debug|Any CPU
		{6DE8152D-0344-4C9D-9B96-6C48ED47D0CF}.Debug|Any CPU.Build.0 = Debug|Any CPU
		{6DE8152D-0344-4C9D-9B96-6C48ED47D0CF}.Debug|x64.ActiveCfg = Debug|Any CPU
		{6DE8152D-0344-4C9D-9B96-6C48ED47D0CF}.Debug|x64.Build.0 = Debug|Any CPU
		{6DE8152D-0344-4C9D-9B96-6C48ED47D0CF}.Debug|x86.ActiveCfg = Debug|Any CPU
		{6DE8152D-0344-4C9D-9B96-6C48ED47D0CF}.Debug|x86.Build.0 = Debug|Any CPU
		{6DE8152D-0344-4C9D-9B96-6C48ED47D0CF}.Release|Any CPU.ActiveCfg = Release|Any CPU
		{6DE8152D-0344-4C9D-9B96-6C48ED47D0CF}.Release|Any CPU.Build.0 = Release|Any CPU
		{6DE8152D-0344-4C9D-9B96-6C48ED47D0CF}.Release|x64.ActiveCfg = Release|Any CPU
		{6DE8152D-0344-4C9D-9B96-6C48ED47D0CF}.Release|x64.Build.0 = Release|Any CPU
		{6DE8152D-0344-4C9D-9B96-6C48ED47D0CF}.Release|x86.ActiveCfg = Release|Any CPU
		{6DE8152D-0344-4C9D-9B96-6C48ED47D0CF}.Release|x86.Build.0 = Release|Any CPU
		{4F338F13-BC65-49D4-84EF-F2E2061C9C7F}.Debug|Any CPU.ActiveCfg = Debug|Any CPU
		{4F338F13-BC65-49D4-84EF-F2E2061C9C7F}.Debug|Any CPU.Build.0 = Debug|Any CPU
		{4F338F13-BC65-49D4-84EF-F2E2061C9C7F}.Debug|x64.ActiveCfg = Debug|Any CPU
		{4F338F13-BC65-49D4-84EF-F2E2061C9C7F}.Debug|x64.Build.0 = Debug|Any CPU
		{4F338F13-BC65-49D4-84EF-F2E2061C9C7F}.Debug|x86.ActiveCfg = Debug|Any CPU
		{4F338F13-BC65-49D4-84EF-F2E2061C9C7F}.Debug|x86.Build.0 = Debug|Any CPU
		{4F338F13-BC65-49D4-84EF-F2E2061C9C7F}.Release|Any CPU.ActiveCfg = Release|Any CPU
		{4F338F13-BC65-49D4-84EF-F2E2061C9C7F}.Release|Any CPU.Build.0 = Release|Any CPU
		{4F338F13-BC65-49D4-84EF-F2E2061C9C7F}.Release|x64.ActiveCfg = Release|Any CPU
		{4F338F13-BC65-49D4-84EF-F2E2061C9C7F}.Release|x64.Build.0 = Release|Any CPU
		{4F338F13-BC65-49D4-84EF-F2E2061C9C7F}.Release|x86.ActiveCfg = Release|Any CPU
		{4F338F13-BC65-49D4-84EF-F2E2061C9C7F}.Release|x86.Build.0 = Release|Any CPU
		{FD3ED548-AC2C-476B-AD73-1D345710B2C2}.Debug|Any CPU.ActiveCfg = Debug|Any CPU
		{FD3ED548-AC2C-476B-AD73-1D345710B2C2}.Debug|Any CPU.Build.0 = Debug|Any CPU
		{FD3ED548-AC2C-476B-AD73-1D345710B2C2}.Debug|x64.ActiveCfg = Debug|Any CPU
		{FD3ED548-AC2C-476B-AD73-1D345710B2C2}.Debug|x64.Build.0 = Debug|Any CPU
		{FD3ED548-AC2C-476B-AD73-1D345710B2C2}.Debug|x86.ActiveCfg = Debug|Any CPU
		{FD3ED548-AC2C-476B-AD73-1D345710B2C2}.Debug|x86.Build.0 = Debug|Any CPU
		{FD3ED548-AC2C-476B-AD73-1D345710B2C2}.Release|Any CPU.ActiveCfg = Release|Any CPU
		{FD3ED548-AC2C-476B-AD73-1D345710B2C2}.Release|Any CPU.Build.0 = Release|Any CPU
		{FD3ED548-AC2C-476B-AD73-1D345710B2C2}.Release|x64.ActiveCfg = Release|Any CPU
		{FD3ED548-AC2C-476B-AD73-1D345710B2C2}.Release|x64.Build.0 = Release|Any CPU
		{FD3ED548-AC2C-476B-AD73-1D345710B2C2}.Release|x86.ActiveCfg = Release|Any CPU
		{FD3ED548-AC2C-476B-AD73-1D345710B2C2}.Release|x86.Build.0 = Release|Any CPU
		{A2441B8E-66F9-427F-B864-BFE1C59C7A29}.Debug|Any CPU.ActiveCfg = Debug|Any CPU
		{A2441B8E-66F9-427F-B864-BFE1C59C7A29}.Debug|Any CPU.Build.0 = Debug|Any CPU
		{A2441B8E-66F9-427F-B864-BFE1C59C7A29}.Debug|x64.ActiveCfg = Debug|Any CPU
		{A2441B8E-66F9-427F-B864-BFE1C59C7A29}.Debug|x64.Build.0 = Debug|Any CPU
		{A2441B8E-66F9-427F-B864-BFE1C59C7A29}.Debug|x86.ActiveCfg = Debug|Any CPU
		{A2441B8E-66F9-427F-B864-BFE1C59C7A29}.Debug|x86.Build.0 = Debug|Any CPU
		{A2441B8E-66F9-427F-B864-BFE1C59C7A29}.Release|Any CPU.ActiveCfg = Release|Any CPU
		{A2441B8E-66F9-427F-B864-BFE1C59C7A29}.Release|Any CPU.Build.0 = Release|Any CPU
		{A2441B8E-66F9-427F-B864-BFE1C59C7A29}.Release|x64.ActiveCfg = Release|Any CPU
		{A2441B8E-66F9-427F-B864-BFE1C59C7A29}.Release|x64.Build.0 = Release|Any CPU
		{A2441B8E-66F9-427F-B864-BFE1C59C7A29}.Release|x86.ActiveCfg = Release|Any CPU
		{A2441B8E-66F9-427F-B864-BFE1C59C7A29}.Release|x86.Build.0 = Release|Any CPU
		{D777F968-2128-4C4E-B1FB-AEFCEC85DA95}.Debug|Any CPU.ActiveCfg = Debug|Any CPU
		{D777F968-2128-4C4E-B1FB-AEFCEC85DA95}.Debug|Any CPU.Build.0 = Debug|Any CPU
		{D777F968-2128-4C4E-B1FB-AEFCEC85DA95}.Debug|x64.ActiveCfg = Debug|Any CPU
		{D777F968-2128-4C4E-B1FB-AEFCEC85DA95}.Debug|x64.Build.0 = Debug|Any CPU
		{D777F968-2128-4C4E-B1FB-AEFCEC85DA95}.Debug|x86.ActiveCfg = Debug|Any CPU
		{D777F968-2128-4C4E-B1FB-AEFCEC85DA95}.Debug|x86.Build.0 = Debug|Any CPU
		{D777F968-2128-4C4E-B1FB-AEFCEC85DA95}.Release|Any CPU.ActiveCfg = Release|Any CPU
		{D777F968-2128-4C4E-B1FB-AEFCEC85DA95}.Release|Any CPU.Build.0 = Release|Any CPU
		{D777F968-2128-4C4E-B1FB-AEFCEC85DA95}.Release|x64.ActiveCfg = Release|Any CPU
		{D777F968-2128-4C4E-B1FB-AEFCEC85DA95}.Release|x64.Build.0 = Release|Any CPU
		{D777F968-2128-4C4E-B1FB-AEFCEC85DA95}.Release|x86.ActiveCfg = Release|Any CPU
		{D777F968-2128-4C4E-B1FB-AEFCEC85DA95}.Release|x86.Build.0 = Release|Any CPU
		{3B08F798-BB9A-4F28-9456-EA6C9614FF8C}.Debug|Any CPU.ActiveCfg = Debug|Any CPU
		{3B08F798-BB9A-4F28-9456-EA6C9614FF8C}.Debug|Any CPU.Build.0 = Debug|Any CPU
		{3B08F798-BB9A-4F28-9456-EA6C9614FF8C}.Debug|x64.ActiveCfg = Debug|Any CPU
		{3B08F798-BB9A-4F28-9456-EA6C9614FF8C}.Debug|x64.Build.0 = Debug|Any CPU
		{3B08F798-BB9A-4F28-9456-EA6C9614FF8C}.Debug|x86.ActiveCfg = Debug|Any CPU
		{3B08F798-BB9A-4F28-9456-EA6C9614FF8C}.Debug|x86.Build.0 = Debug|Any CPU
		{3B08F798-BB9A-4F28-9456-EA6C9614FF8C}.Release|Any CPU.ActiveCfg = Release|Any CPU
		{3B08F798-BB9A-4F28-9456-EA6C9614FF8C}.Release|Any CPU.Build.0 = Release|Any CPU
		{3B08F798-BB9A-4F28-9456-EA6C9614FF8C}.Release|x64.ActiveCfg = Release|Any CPU
		{3B08F798-BB9A-4F28-9456-EA6C9614FF8C}.Release|x64.Build.0 = Release|Any CPU
		{3B08F798-BB9A-4F28-9456-EA6C9614FF8C}.Release|x86.ActiveCfg = Release|Any CPU
		{3B08F798-BB9A-4F28-9456-EA6C9614FF8C}.Release|x86.Build.0 = Release|Any CPU
		{77936DD4-ABFB-495D-87CC-3A20133F15BD}.Debug|Any CPU.ActiveCfg = Debug|Any CPU
		{77936DD4-ABFB-495D-87CC-3A20133F15BD}.Debug|Any CPU.Build.0 = Debug|Any CPU
		{77936DD4-ABFB-495D-87CC-3A20133F15BD}.Debug|x64.ActiveCfg = Debug|Any CPU
		{77936DD4-ABFB-495D-87CC-3A20133F15BD}.Debug|x64.Build.0 = Debug|Any CPU
		{77936DD4-ABFB-495D-87CC-3A20133F15BD}.Debug|x86.ActiveCfg = Debug|Any CPU
		{77936DD4-ABFB-495D-87CC-3A20133F15BD}.Debug|x86.Build.0 = Debug|Any CPU
		{77936DD4-ABFB-495D-87CC-3A20133F15BD}.Release|Any CPU.ActiveCfg = Release|Any CPU
		{77936DD4-ABFB-495D-87CC-3A20133F15BD}.Release|Any CPU.Build.0 = Release|Any CPU
		{77936DD4-ABFB-495D-87CC-3A20133F15BD}.Release|x64.ActiveCfg = Release|Any CPU
		{77936DD4-ABFB-495D-87CC-3A20133F15BD}.Release|x64.Build.0 = Release|Any CPU
		{77936DD4-ABFB-495D-87CC-3A20133F15BD}.Release|x86.ActiveCfg = Release|Any CPU
		{77936DD4-ABFB-495D-87CC-3A20133F15BD}.Release|x86.Build.0 = Release|Any CPU
		{6403F9A0-5828-4223-8645-8CCE0AC2536C}.Debug|Any CPU.ActiveCfg = Debug|Any CPU
		{6403F9A0-5828-4223-8645-8CCE0AC2536C}.Debug|Any CPU.Build.0 = Debug|Any CPU
		{6403F9A0-5828-4223-8645-8CCE0AC2536C}.Debug|x64.ActiveCfg = Debug|Any CPU
		{6403F9A0-5828-4223-8645-8CCE0AC2536C}.Debug|x64.Build.0 = Debug|Any CPU
		{6403F9A0-5828-4223-8645-8CCE0AC2536C}.Debug|x86.ActiveCfg = Debug|Any CPU
		{6403F9A0-5828-4223-8645-8CCE0AC2536C}.Debug|x86.Build.0 = Debug|Any CPU
		{6403F9A0-5828-4223-8645-8CCE0AC2536C}.Release|Any CPU.ActiveCfg = Release|Any CPU
		{6403F9A0-5828-4223-8645-8CCE0AC2536C}.Release|Any CPU.Build.0 = Release|Any CPU
		{6403F9A0-5828-4223-8645-8CCE0AC2536C}.Release|x64.ActiveCfg = Release|Any CPU
		{6403F9A0-5828-4223-8645-8CCE0AC2536C}.Release|x64.Build.0 = Release|Any CPU
		{6403F9A0-5828-4223-8645-8CCE0AC2536C}.Release|x86.ActiveCfg = Release|Any CPU
		{6403F9A0-5828-4223-8645-8CCE0AC2536C}.Release|x86.Build.0 = Release|Any CPU
	EndGlobalSection
	GlobalSection(SolutionProperties) = preSolution
		HideSolutionNode = FALSE
	EndGlobalSection
	GlobalSection(NestedProjects) = preSolution
		{53EB3E52-EFF8-49EB-ADA1-1DC5A19892DC} = {CE0B6A3E-64D2-4151-A28E-A146CB0F29CB}
		{D8E83364-0ED7-4115-965C-CE82215F6269} = {CE0B6A3E-64D2-4151-A28E-A146CB0F29CB}
		{EA1E7EF2-DD30-4FE6-99E4-DCE90CBAA449} = {CE0B6A3E-64D2-4151-A28E-A146CB0F29CB}
		{B327FCF4-64CF-45E2-A573-AA0CA780F9A2} = {CE0B6A3E-64D2-4151-A28E-A146CB0F29CB}
		{1803FA96-A3AB-4F2F-B2DA-B66D0E4B2F24} = {CE0B6A3E-64D2-4151-A28E-A146CB0F29CB}
		{147C80AF-11C4-4ABC-8422-5C7C525F7E27} = {CE0B6A3E-64D2-4151-A28E-A146CB0F29CB}
		{C2A40B53-3F94-49B4-9F23-FA92CE4D673B} = {6377AFC6-2423-45BB-B243-1E639519D56A}
		{F4FD7202-E40E-4E45-AC88-DF72A6E86BD2} = {6377AFC6-2423-45BB-B243-1E639519D56A}
		{DCBBBE58-F8E6-6DC6-2CAC-C9F65F3B78F1} = {959B1580-36F9-DF7B-10DE-35C92947B051}
		{0FD854A3-1175-4F5C-954E-5EF21F3B7443} = {DCBBBE58-F8E6-6DC6-2CAC-C9F65F3B78F1}
		{C145B22E-93ED-4F17-A2EE-7E971D6A3D0C} = {DCBBBE58-F8E6-6DC6-2CAC-C9F65F3B78F1}
		{C6BFE8BF-A94F-464D-88DA-8D52E4B03852} = {DCBBBE58-F8E6-6DC6-2CAC-C9F65F3B78F1}
		{09A92FED-DF0A-4A6D-BF2F-1081F0448E2A} = {DCBBBE58-F8E6-6DC6-2CAC-C9F65F3B78F1}
		{7F6646C9-9E3E-FF99-B2FD-D403F031773C} = {959B1580-36F9-DF7B-10DE-35C92947B051}
		{98BFBED5-EBA6-4482-B242-38D2E9CB6121} = {7F6646C9-9E3E-FF99-B2FD-D403F031773C}
		{896DC558-7254-465A-96F5-4887D4FC5F2C} = {7F6646C9-9E3E-FF99-B2FD-D403F031773C}
		{E508EC3C-E999-4DF4-AD1D-850AC4D7D3DA} = {7F6646C9-9E3E-FF99-B2FD-D403F031773C}
		{0554BADE-0136-4DD0-AA3F-C72C8BF08787} = {7F6646C9-9E3E-FF99-B2FD-D403F031773C}
		{6A52CD8F-257C-4B5A-BBD5-D601E95EA9A4} = {6377AFC6-2423-45BB-B243-1E639519D56A}
		{CA4AA5B3-4EBA-4C53-B259-0A159C338B81} = {6377AFC6-2423-45BB-B243-1E639519D56A}
		{9BBCEED9-7BE7-28B9-5427-FC91BCA7FCFD} = {AF10FBC2-D6E8-F15D-A88E-3355DE5B0167}
		{4C55F44D-787B-46A5-B121-4649DF20420C} = {9BBCEED9-7BE7-28B9-5427-FC91BCA7FCFD}
		{6DE8152D-0344-4C9D-9B96-6C48ED47D0CF} = {9BBCEED9-7BE7-28B9-5427-FC91BCA7FCFD}
		{4F338F13-BC65-49D4-84EF-F2E2061C9C7F} = {9BBCEED9-7BE7-28B9-5427-FC91BCA7FCFD}
		{FD3ED548-AC2C-476B-AD73-1D345710B2C2} = {9BBCEED9-7BE7-28B9-5427-FC91BCA7FCFD}
		{A2441B8E-66F9-427F-B864-BFE1C59C7A29} = {9BBCEED9-7BE7-28B9-5427-FC91BCA7FCFD}
		{6E0C1D95-26AF-AE67-448A-851C03BBE0B3} = {AF10FBC2-D6E8-F15D-A88E-3355DE5B0167}
		{D777F968-2128-4C4E-B1FB-AEFCEC85DA95} = {6E0C1D95-26AF-AE67-448A-851C03BBE0B3}
		{3B08F798-BB9A-4F28-9456-EA6C9614FF8C} = {6E0C1D95-26AF-AE67-448A-851C03BBE0B3}
		{77936DD4-ABFB-495D-87CC-3A20133F15BD} = {6E0C1D95-26AF-AE67-448A-851C03BBE0B3}
		{6403F9A0-5828-4223-8645-8CCE0AC2536C} = {6E0C1D95-26AF-AE67-448A-851C03BBE0B3}
	EndGlobalSection
	GlobalSection(ExtensibilityGlobals) = postSolution
		SolutionGuid = {56C87470-E6B2-4476-BA1A-E15CC971BFA8}
	EndGlobalSection
EndGlobal
