
Microsoft Visual Studio Solution File, Format Version 12.00
# Visual Studio Version 17
VisualStudioVersion = 17.0.31912.275
MinimumVisualStudioVersion = 10.0.40219.1
Project("{2150E333-8FDC-42A3-9474-1A3956D46DE8}") = "docs", "docs", "{8EC4A02C-9D47-46A5-B3ED-52F02C7A61D0}"
EndProject
Project("{2150E333-8FDC-42A3-9474-1A3956D46DE8}") = "src", "src", "{CE0B6A3E-64D2-4151-A28E-A146CB0F29CB}"
EndProject
Project("{2150E333-8FDC-42A3-9474-1A3956D46DE8}") = "test", "test", "{6377AFC6-2423-45BB-B243-1E639519D56A}"
EndProject
Project("{2150E333-8FDC-42A3-9474-1A3956D46DE8}") = "Solution Items", "Solution Items", "{D5505EA7-2FB3-4124-8AAA-BAB3F87ADF9C}"
	ProjectSection(SolutionItems) = preProject
		Directory.Build.props = Directory.Build.props
		Directory.Packages.props = Directory.Packages.props
	EndProjectSection
EndProject
Project("{9A19103F-16F7-4668-BE54-9A1E7A4F7556}") = "MS.Microservice.EventBus", "MS.Microservice.EventBus\MS.Microservice.EventBus.csproj", "{53EB3E52-EFF8-49EB-ADA1-1DC5A19892DC}"
EndProject
Project("{9A19103F-16F7-4668-BE54-9A1E7A4F7556}") = "MS.Microservice.Core", "src\MS.Microservice.Core\MS.Microservice.Core.csproj", "{D8E83364-0ED7-4115-965C-CE82215F6269}"
EndProject
Project("{9A19103F-16F7-4668-BE54-9A1E7A4F7556}") = "MS.Microservice.Domain", "src\MS.Microservice.Domain\MS.Microservice.Domain.csproj", "{EA1E7EF2-DD30-4FE6-99E4-DCE90CBAA449}"
EndProject
Project("{9A19103F-16F7-4668-BE54-9A1E7A4F7556}") = "MS.Microservice.Infrastructure", "src\MS.Microservice.Infrastructure\MS.Microservice.Infrastructure.csproj", "{B327FCF4-64CF-45E2-A573-AA0CA780F9A2}"
EndProject
Project("{9A19103F-16F7-4668-BE54-9A1E7A4F7556}") = "MS.Microservice.Swagger", "src\MS.Microservice.Swagger\MS.Microservice.Swagger.csproj", "{1803FA96-A3AB-4F2F-B2DA-B66D0E4B2F24}"
EndProject
Project("{9A19103F-16F7-4668-BE54-9A1E7A4F7556}") = "MS.Microservice.Web", "src\MS.Microservice.Web\MS.Microservice.Web.csproj", "{147C80AF-11C4-4ABC-8422-5C7C525F7E27}"
EndProject
Project("{9A19103F-16F7-4668-BE54-9A1E7A4F7556}") = "MS.Microservice.Core.Tests", "test\MS.Microservice.Core.Tests\MS.Microservice.Core.Tests.csproj", "{C2A40B53-3F94-49B4-9F23-FA92CE4D673B}"
EndProject
Global
	GlobalSection(SolutionConfigurationPlatforms) = preSolution
		Debug|Any CPU = Debug|Any CPU
		Release|Any CPU = Release|Any CPU
	EndGlobalSection
	GlobalSection(ProjectConfigurationPlatforms) = postSolution
		{53EB3E52-EFF8-49EB-ADA1-1DC5A19892DC}.Debug|Any CPU.ActiveCfg = Debug|Any CPU
		{53EB3E52-EFF8-49EB-ADA1-1DC5A19892DC}.Debug|Any CPU.Build.0 = Debug|Any CPU
		{53EB3E52-EFF8-49EB-ADA1-1DC5A19892DC}.Release|Any CPU.ActiveCfg = Release|Any CPU
		{53EB3E52-EFF8-49EB-ADA1-1DC5A19892DC}.Release|Any CPU.Build.0 = Release|Any CPU
		{D8E83364-0ED7-4115-965C-CE82215F6269}.Debug|Any CPU.ActiveCfg = Debug|Any CPU
		{D8E83364-0ED7-4115-965C-CE82215F6269}.Debug|Any CPU.Build.0 = Debug|Any CPU
		{D8E83364-0ED7-4115-965C-CE82215F6269}.Release|Any CPU.ActiveCfg = Release|Any CPU
		{D8E83364-0ED7-4115-965C-CE82215F6269}.Release|Any CPU.Build.0 = Release|Any CPU
		{EA1E7EF2-DD30-4FE6-99E4-DCE90CBAA449}.Debug|Any CPU.ActiveCfg = Debug|Any CPU
		{EA1E7EF2-DD30-4FE6-99E4-DCE90CBAA449}.Debug|Any CPU.Build.0 = Debug|Any CPU
		{EA1E7EF2-DD30-4FE6-99E4-DCE90CBAA449}.Release|Any CPU.ActiveCfg = Release|Any CPU
		{EA1E7EF2-DD30-4FE6-99E4-DCE90CBAA449}.Release|Any CPU.Build.0 = Release|Any CPU
		{B327FCF4-64CF-45E2-A573-AA0CA780F9A2}.Debug|Any CPU.ActiveCfg = Debug|Any CPU
		{B327FCF4-64CF-45E2-A573-AA0CA780F9A2}.Debug|Any CPU.Build.0 = Debug|Any CPU
		{B327FCF4-64CF-45E2-A573-AA0CA780F9A2}.Release|Any CPU.ActiveCfg = Release|Any CPU
		{B327FCF4-64CF-45E2-A573-AA0CA780F9A2}.Release|Any CPU.Build.0 = Release|Any CPU
		{1803FA96-A3AB-4F2F-B2DA-B66D0E4B2F24}.Debug|Any CPU.ActiveCfg = Debug|Any CPU
		{1803FA96-A3AB-4F2F-B2DA-B66D0E4B2F24}.Debug|Any CPU.Build.0 = Debug|Any CPU
		{1803FA96-A3AB-4F2F-B2DA-B66D0E4B2F24}.Release|Any CPU.ActiveCfg = Release|Any CPU
		{1803FA96-A3AB-4F2F-B2DA-B66D0E4B2F24}.Release|Any CPU.Build.0 = Release|Any CPU
		{147C80AF-11C4-4ABC-8422-5C7C525F7E27}.Debug|Any CPU.ActiveCfg = Debug|Any CPU
		{147C80AF-11C4-4ABC-8422-5C7C525F7E27}.Debug|Any CPU.Build.0 = Debug|Any CPU
		{147C80AF-11C4-4ABC-8422-5C7C525F7E27}.Release|Any CPU.ActiveCfg = Release|Any CPU
		{147C80AF-11C4-4ABC-8422-5C7C525F7E27}.Release|Any CPU.Build.0 = Release|Any CPU
		{C2A40B53-3F94-49B4-9F23-FA92CE4D673B}.Debug|Any CPU.ActiveCfg = Debug|Any CPU
		{C2A40B53-3F94-49B4-9F23-FA92CE4D673B}.Debug|Any CPU.Build.0 = Debug|Any CPU
		{C2A40B53-3F94-49B4-9F23-FA92CE4D673B}.Release|Any CPU.ActiveCfg = Release|Any CPU
		{C2A40B53-3F94-49B4-9F23-FA92CE4D673B}.Release|Any CPU.Build.0 = Release|Any CPU
	EndGlobalSection
	GlobalSection(SolutionProperties) = preSolution
		HideSolutionNode = FALSE
	EndGlobalSection
	GlobalSection(NestedProjects) = preSolution
		{53EB3E52-EFF8-49EB-ADA1-1DC5A19892DC} = {CE0B6A3E-64D2-4151-A28E-A146CB0F29CB}
		{D8E83364-0ED7-4115-965C-CE82215F6269} = {CE0B6A3E-64D2-4151-A28E-A146CB0F29CB}
		{EA1E7EF2-DD30-4FE6-99E4-DCE90CBAA449} = {CE0B6A3E-64D2-4151-A28E-A146CB0F29CB}
		{B327FCF4-64CF-45E2-A573-AA0CA780F9A2} = {CE0B6A3E-64D2-4151-A28E-A146CB0F29CB}
		{1803FA96-A3AB-4F2F-B2DA-B66D0E4B2F24} = {CE0B6A3E-64D2-4151-A28E-A146CB0F29CB}
		{147C80AF-11C4-4ABC-8422-5C7C525F7E27} = {CE0B6A3E-64D2-4151-A28E-A146CB0F29CB}
		{C2A40B53-3F94-49B4-9F23-FA92CE4D673B} = {6377AFC6-2423-45BB-B243-1E639519D56A}
	EndGlobalSection
	GlobalSection(ExtensibilityGlobals) = postSolution
		SolutionGuid = {56C87470-E6B2-4476-BA1A-E15CC971BFA8}
	EndGlobalSection
EndGlobal
