
Microsoft Visual Studio Solution File, Format Version 12.00
# Visual Studio 15
VisualStudioVersion = 15.0.28010.2003
MinimumVisualStudioVersion = 10.0.40219.1
Project("{9A19103F-16F7-4668-BE54-9A1E7A4F7556}") = "MS.Microservice.Web", "MS.Microservice.Web\MS.Microservice.Web.csproj", "{1051C427-8B0D-4310-ABDD-73D6A7F37500}"
EndProject
Project("{9A19103F-16F7-4668-BE54-9A1E7A4F7556}") = "MS.Microservice.Domain", "MS.Microservice.Domain\MS.Microservice.Domain.csproj", "{BD2B0687-C552-4FF3-9A16-3899197B2C0A}"
EndProject
Project("{9A19103F-16F7-4668-BE54-9A1E7A4F7556}") = "MS.Microservice.Repostitory", "MS.Microservice.Repostitory\MS.Microservice.Repostitory.csproj", "{23681529-5DD3-44C5-B630-1922D413183F}"
EndProject
Project("{2150E333-8FDC-42A3-9474-1A3956D46DE8}") = "docs", "docs", "{8EC4A02C-9D47-46A5-B3ED-52F02C7A61D0}"
EndProject
Project("{FAE04EC0-301F-11D3-BF4B-00C04F79EFBC}") = "MS.Microservice.IntegrateEvent", "MS.Microservice.IntegrateEvent\MS.Microservice.IntegrateEvent.csproj", "{84B4B955-801B-4A89-A6B7-003F26CC610D}"
EndProject
Global
	GlobalSection(SolutionConfigurationPlatforms) = preSolution
		Debug|Any CPU = Debug|Any CPU
		Release|Any CPU = Release|Any CPU
	EndGlobalSection
	GlobalSection(ProjectConfigurationPlatforms) = postSolution
		{1051C427-8B0D-4310-ABDD-73D6A7F37500}.Debug|Any CPU.ActiveCfg = Debug|Any CPU
		{1051C427-8B0D-4310-ABDD-73D6A7F37500}.Debug|Any CPU.Build.0 = Debug|Any CPU
		{1051C427-8B0D-4310-ABDD-73D6A7F37500}.Release|Any CPU.ActiveCfg = Release|Any CPU
		{1051C427-8B0D-4310-ABDD-73D6A7F37500}.Release|Any CPU.Build.0 = Release|Any CPU
		{BD2B0687-C552-4FF3-9A16-3899197B2C0A}.Debug|Any CPU.ActiveCfg = Debug|Any CPU
		{BD2B0687-C552-4FF3-9A16-3899197B2C0A}.Debug|Any CPU.Build.0 = Debug|Any CPU
		{BD2B0687-C552-4FF3-9A16-3899197B2C0A}.Release|Any CPU.ActiveCfg = Release|Any CPU
		{BD2B0687-C552-4FF3-9A16-3899197B2C0A}.Release|Any CPU.Build.0 = Release|Any CPU
		{23681529-5DD3-44C5-B630-1922D413183F}.Debug|Any CPU.ActiveCfg = Debug|Any CPU
		{23681529-5DD3-44C5-B630-1922D413183F}.Debug|Any CPU.Build.0 = Debug|Any CPU
		{23681529-5DD3-44C5-B630-1922D413183F}.Release|Any CPU.ActiveCfg = Release|Any CPU
		{23681529-5DD3-44C5-B630-1922D413183F}.Release|Any CPU.Build.0 = Release|Any CPU
		{84B4B955-801B-4A89-A6B7-003F26CC610D}.Debug|Any CPU.ActiveCfg = Debug|Any CPU
		{84B4B955-801B-4A89-A6B7-003F26CC610D}.Debug|Any CPU.Build.0 = Debug|Any CPU
		{84B4B955-801B-4A89-A6B7-003F26CC610D}.Release|Any CPU.ActiveCfg = Release|Any CPU
		{84B4B955-801B-4A89-A6B7-003F26CC610D}.Release|Any CPU.Build.0 = Release|Any CPU
	EndGlobalSection
	GlobalSection(SolutionProperties) = preSolution
		HideSolutionNode = FALSE
	EndGlobalSection
	GlobalSection(ExtensibilityGlobals) = postSolution
		SolutionGuid = {56C87470-E6B2-4476-BA1A-E15CC971BFA8}
	EndGlobalSection
EndGlobal
